
Microsoft Visual Studio Solution File, Format Version 12.00
# Visual Studio Version 17
VisualStudioVersion = 17.6.33723.286
MinimumVisualStudioVersion = 10.0.40219.1
Project("{FAE04EC0-301F-11D3-BF4B-00C04F79EFBC}") = "RealEstateApi", "src\RealEstateApi\RealEstateApi.csproj", "{3CBB442E-29C1-4F8C-981C-7C8CA76560EC}"
EndProject
Global
	GlobalSection(SolutionConfigurationPlatforms) = preSolution
		Debug|Any CPU = Debug|Any CPU
		Release|Any CPU = Release|Any CPU
	EndGlobalSection
	GlobalSection(ProjectConfigurationPlatforms) = postSolution
		{3CBB442E-29C1-4F8C-981C-7C8CA76560EC}.Debug|Any CPU.ActiveCfg = Debug|Any CPU
		{3CBB442E-29C1-4F8C-981C-7C8CA76560EC}.Debug|Any CPU.Build.0 = Debug|Any CPU
		{3CBB442E-29C1-4F8C-981C-7C8CA76560EC}.Release|Any CPU.ActiveCfg = Release|Any CPU
		{3CBB442E-29C1-4F8C-981C-7C8CA76560EC}.Release|Any CPU.Build.0 = Release|Any CPU
	EndGlobalSection
	GlobalSection(SolutionProperties) = preSolution
		HideSolutionNode = FALSE
	EndGlobalSection
	GlobalSection(ExtensibilityGlobals) = postSolution
		SolutionGuid = {16015118-AD43-43D0-A8D8-2E0FEDE750CA}
	EndGlobalSection
EndGlobal
